
Microsoft Visual Studio Solution File, Format Version 12.00
Project("{FAE04EC0-301F-11D3-BF4B-00C04F79EFBC}") = "Play.Contracts", "Play.Contracts.csproj", "{A03C43EE-27B8-4612-A5DD-2D77309D63A1}"
EndProject
Global
	GlobalSection(SolutionConfigurationPlatforms) = preSolution
		Debug|Any CPU = Debug|Any CPU
		Release|Any CPU = Release|Any CPU
	EndGlobalSection
	GlobalSection(ProjectConfigurationPlatforms) = postSolution
		{A03C43EE-27B8-4612-A5DD-2D77309D63A1}.Debug|Any CPU.ActiveCfg = Debug|Any CPU
		{A03C43EE-27B8-4612-A5DD-2D77309D63A1}.Debug|Any CPU.Build.0 = Debug|Any CPU
		{A03C43EE-27B8-4612-A5DD-2D77309D63A1}.Release|Any CPU.ActiveCfg = Release|Any CPU
		{A03C43EE-27B8-4612-A5DD-2D77309D63A1}.Release|Any CPU.Build.0 = Release|Any CPU
	EndGlobalSection
EndGlobal
